// !$*UTF8*$!
{
	archiveVersion = 1;
	classes = {
	};
	objectVersion = 46;
	objects = {

/* Begin PBXBuildFile section */
		821F69C51D830EF30047EE8B /* HYTool.m in Sources */ = {isa = PBXBuildFile; fileRef = 821F69BD1D830EF30047EE8B /* HYTool.m */; };
		821F69C61D830EF30047EE8B /* CALayer+HYTool.m in Sources */ = {isa = PBXBuildFile; fileRef = 821F69C11D830EF30047EE8B /* CALayer+HYTool.m */; };
		821F69C71D830EF30047EE8B /* UIColor+Hex.m in Sources */ = {isa = PBXBuildFile; fileRef = 821F69C41D830EF30047EE8B /* UIColor+Hex.m */; };
		823B32DF1D8D200D00FAB42D /* HYCartModel.m in Sources */ = {isa = PBXBuildFile; fileRef = 823B32C61D8D200D00FAB42D /* HYCartModel.m */; };
		823B32E01D8D200D00FAB42D /* HYCartShopModel.m in Sources */ = {isa = PBXBuildFile; fileRef = 823B32C81D8D200D00FAB42D /* HYCartShopModel.m */; };
		823B32E11D8D200D00FAB42D /* HYCartBar.m in Sources */ = {isa = PBXBuildFile; fileRef = 823B32CB1D8D200D00FAB42D /* HYCartBar.m */; };
		823B32E21D8D200D00FAB42D /* HYCartCell.m in Sources */ = {isa = PBXBuildFile; fileRef = 823B32CD1D8D200D00FAB42D /* HYCartCell.m */; };
		823B32E31D8D200D00FAB42D /* HYCartCell.xib in Resources */ = {isa = PBXBuildFile; fileRef = 823B32CE1D8D200D00FAB42D /* HYCartCell.xib */; };
		823B32E41D8D200D00FAB42D /* HYCartFooterView.m in Sources */ = {isa = PBXBuildFile; fileRef = 823B32D01D8D200D00FAB42D /* HYCartFooterView.m */; };
		823B32E51D8D200D00FAB42D /* HYCartHeaderView.m in Sources */ = {isa = PBXBuildFile; fileRef = 823B32D21D8D200D00FAB42D /* HYCartHeaderView.m */; };
		823B32E61D8D200D00FAB42D /* HYCartNumberCount.m in Sources */ = {isa = PBXBuildFile; fileRef = 823B32D41D8D200D00FAB42D /* HYCartNumberCount.m */; };
		823B32E71D8D200D00FAB42D /* HYCartVC.m in Sources */ = {isa = PBXBuildFile; fileRef = 823B32D71D8D200D00FAB42D /* HYCartVC.m */; };
		823B32E81D8D200D00FAB42D /* HYGoodsDetailVC.m in Sources */ = {isa = PBXBuildFile; fileRef = 823B32D91D8D200D00FAB42D /* HYGoodsDetailVC.m */; };
		823B32E91D8D200D00FAB42D /* HYCartUIService.m in Sources */ = {isa = PBXBuildFile; fileRef = 823B32DC1D8D200D00FAB42D /* HYCartUIService.m */; };
		823B32EA1D8D200D00FAB42D /* HYCartViewModel.m in Sources */ = {isa = PBXBuildFile; fileRef = 823B32DE1D8D200D00FAB42D /* HYCartViewModel.m */; };
		826B49281D7D104F00D527EE /* HYBaseViewController.m in Sources */ = {isa = PBXBuildFile; fileRef = 826B49251D7D104F00D527EE /* HYBaseViewController.m */; };
		826B492E1D7D10B300D527EE /* HYMainTableVC.m in Sources */ = {isa = PBXBuildFile; fileRef = 826B492D1D7D10B300D527EE /* HYMainTableVC.m */; };
		82AE9FD11D7C5EDD0061E846 /* Assets.xcassets in Resources */ = {isa = PBXBuildFile; fileRef = 82AE9FD01D7C5EDD0061E846 /* Assets.xcassets */; };
		82AE9FD31D7C60460061E846 /* Images.xcassets in Resources */ = {isa = PBXBuildFile; fileRef = 82AE9FD21D7C60460061E846 /* Images.xcassets */; };
		82D62DA51D76BA8800C91FFD /* main.m in Sources */ = {isa = PBXBuildFile; fileRef = 82D62DA41D76BA8800C91FFD /* main.m */; };
		82D62DA81D76BA8800C91FFD /* AppDelegate.m in Sources */ = {isa = PBXBuildFile; fileRef = 82D62DA71D76BA8800C91FFD /* AppDelegate.m */; };
		82D62DAE1D76BA8800C91FFD /* Main.storyboard in Resources */ = {isa = PBXBuildFile; fileRef = 82D62DAC1D76BA8800C91FFD /* Main.storyboard */; };
		82D62DB61D76BA8800C91FFD /* LaunchScreen.storyboard in Resources */ = {isa = PBXBuildFile; fileRef = 82D62DB41D76BA8800C91FFD /* LaunchScreen.storyboard */; };
		C3D9AFDB5E15A3950198A09E /* Pods_HYOneMore.framework in Frameworks */ = {isa = PBXBuildFile; fileRef = DFB95110BCFEE6B360B9067A /* Pods_HYOneMore.framework */; };
/* End PBXBuildFile section */

/* Begin PBXFileReference section */
		34349776CD6C9E3EAF801915 /* Pods-HYOneMore.release.xcconfig */ = {isa = PBXFileReference; includeInIndex = 1; lastKnownFileType = text.xcconfig; name = "Pods-HYOneMore.release.xcconfig"; path = "Pods/Target Support Files/Pods-HYOneMore/Pods-HYOneMore.release.xcconfig"; sourceTree = "<group>"; };
		5F592B785259E9F5E7B1D714 /* Pods-HYOneMore.debug.xcconfig */ = {isa = PBXFileReference; includeInIndex = 1; lastKnownFileType = text.xcconfig; name = "Pods-HYOneMore.debug.xcconfig"; path = "Pods/Target Support Files/Pods-HYOneMore/Pods-HYOneMore.debug.xcconfig"; sourceTree = "<group>"; };
		821F69BC1D830EF30047EE8B /* HYTool.h */ = {isa = PBXFileReference; fileEncoding = 4; lastKnownFileType = sourcecode.c.h; path = HYTool.h; sourceTree = "<group>"; };
		821F69BD1D830EF30047EE8B /* HYTool.m */ = {isa = PBXFileReference; fileEncoding = 4; lastKnownFileType = sourcecode.c.objc; path = HYTool.m; sourceTree = "<group>"; };
		821F69C01D830EF30047EE8B /* CALayer+HYTool.h */ = {isa = PBXFileReference; fileEncoding = 4; lastKnownFileType = sourcecode.c.h; path = "CALayer+HYTool.h"; sourceTree = "<group>"; };
		821F69C11D830EF30047EE8B /* CALayer+HYTool.m */ = {isa = PBXFileReference; fileEncoding = 4; lastKnownFileType = sourcecode.c.objc; path = "CALayer+HYTool.m"; sourceTree = "<group>"; };
		821F69C31D830EF30047EE8B /* UIColor+Hex.h */ = {isa = PBXFileReference; fileEncoding = 4; lastKnownFileType = sourcecode.c.h; path = "UIColor+Hex.h"; sourceTree = "<group>"; };
		821F69C41D830EF30047EE8B /* UIColor+Hex.m */ = {isa = PBXFileReference; fileEncoding = 4; lastKnownFileType = sourcecode.c.objc; path = "UIColor+Hex.m"; sourceTree = "<group>"; };
		823B32C51D8D200D00FAB42D /* HYCartModel.h */ = {isa = PBXFileReference; fileEncoding = 4; lastKnownFileType = sourcecode.c.h; path = HYCartModel.h; sourceTree = "<group>"; };
		823B32C61D8D200D00FAB42D /* HYCartModel.m */ = {isa = PBXFileReference; fileEncoding = 4; lastKnownFileType = sourcecode.c.objc; path = HYCartModel.m; sourceTree = "<group>"; };
		823B32C71D8D200D00FAB42D /* HYCartShopModel.h */ = {isa = PBXFileReference; fileEncoding = 4; lastKnownFileType = sourcecode.c.h; path = HYCartShopModel.h; sourceTree = "<group>"; };
		823B32C81D8D200D00FAB42D /* HYCartShopModel.m */ = {isa = PBXFileReference; fileEncoding = 4; lastKnownFileType = sourcecode.c.objc; path = HYCartShopModel.m; sourceTree = "<group>"; };
		823B32CA1D8D200D00FAB42D /* HYCartBar.h */ = {isa = PBXFileReference; fileEncoding = 4; lastKnownFileType = sourcecode.c.h; path = HYCartBar.h; sourceTree = "<group>"; };
		823B32CB1D8D200D00FAB42D /* HYCartBar.m */ = {isa = PBXFileReference; fileEncoding = 4; lastKnownFileType = sourcecode.c.objc; path = HYCartBar.m; sourceTree = "<group>"; };
		823B32CC1D8D200D00FAB42D /* HYCartCell.h */ = {isa = PBXFileReference; fileEncoding = 4; lastKnownFileType = sourcecode.c.h; path = HYCartCell.h; sourceTree = "<group>"; };
		823B32CD1D8D200D00FAB42D /* HYCartCell.m */ = {isa = PBXFileReference; fileEncoding = 4; lastKnownFileType = sourcecode.c.objc; path = HYCartCell.m; sourceTree = "<group>"; };
		823B32CE1D8D200D00FAB42D /* HYCartCell.xib */ = {isa = PBXFileReference; fileEncoding = 4; lastKnownFileType = file.xib; path = HYCartCell.xib; sourceTree = "<group>"; };
		823B32CF1D8D200D00FAB42D /* HYCartFooterView.h */ = {isa = PBXFileReference; fileEncoding = 4; lastKnownFileType = sourcecode.c.h; path = HYCartFooterView.h; sourceTree = "<group>"; };
		823B32D01D8D200D00FAB42D /* HYCartFooterView.m */ = {isa = PBXFileReference; fileEncoding = 4; lastKnownFileType = sourcecode.c.objc; path = HYCartFooterView.m; sourceTree = "<group>"; };
		823B32D11D8D200D00FAB42D /* HYCartHeaderView.h */ = {isa = PBXFileReference; fileEncoding = 4; lastKnownFileType = sourcecode.c.h; path = HYCartHeaderView.h; sourceTree = "<group>"; };
		823B32D21D8D200D00FAB42D /* HYCartHeaderView.m */ = {isa = PBXFileReference; fileEncoding = 4; lastKnownFileType = sourcecode.c.objc; path = HYCartHeaderView.m; sourceTree = "<group>"; };
		823B32D31D8D200D00FAB42D /* HYCartNumberCount.h */ = {isa = PBXFileReference; fileEncoding = 4; lastKnownFileType = sourcecode.c.h; path = HYCartNumberCount.h; sourceTree = "<group>"; };
		823B32D41D8D200D00FAB42D /* HYCartNumberCount.m */ = {isa = PBXFileReference; fileEncoding = 4; lastKnownFileType = sourcecode.c.objc; path = HYCartNumberCount.m; sourceTree = "<group>"; };
		823B32D61D8D200D00FAB42D /* HYCartVC.h */ = {isa = PBXFileReference; fileEncoding = 4; lastKnownFileType = sourcecode.c.h; path = HYCartVC.h; sourceTree = "<group>"; };
		823B32D71D8D200D00FAB42D /* HYCartVC.m */ = {isa = PBXFileReference; fileEncoding = 4; lastKnownFileType = sourcecode.c.objc; path = HYCartVC.m; sourceTree = "<group>"; };
		823B32D81D8D200D00FAB42D /* HYGoodsDetailVC.h */ = {isa = PBXFileReference; fileEncoding = 4; lastKnownFileType = sourcecode.c.h; path = HYGoodsDetailVC.h; sourceTree = "<group>"; };
		823B32D91D8D200D00FAB42D /* HYGoodsDetailVC.m */ = {isa = PBXFileReference; fileEncoding = 4; lastKnownFileType = sourcecode.c.objc; path = HYGoodsDetailVC.m; sourceTree = "<group>"; };
		823B32DB1D8D200D00FAB42D /* HYCartUIService.h */ = {isa = PBXFileReference; fileEncoding = 4; lastKnownFileType = sourcecode.c.h; path = HYCartUIService.h; sourceTree = "<group>"; };
		823B32DC1D8D200D00FAB42D /* HYCartUIService.m */ = {isa = PBXFileReference; fileEncoding = 4; lastKnownFileType = sourcecode.c.objc; path = HYCartUIService.m; sourceTree = "<group>"; };
		823B32DD1D8D200D00FAB42D /* HYCartViewModel.h */ = {isa = PBXFileReference; fileEncoding = 4; lastKnownFileType = sourcecode.c.h; path = HYCartViewModel.h; sourceTree = "<group>"; };
		823B32DE1D8D200D00FAB42D /* HYCartViewModel.m */ = {isa = PBXFileReference; fileEncoding = 4; lastKnownFileType = sourcecode.c.objc; path = HYCartViewModel.m; sourceTree = "<group>"; };
		826B49241D7D104F00D527EE /* HYBaseViewController.h */ = {isa = PBXFileReference; fileEncoding = 4; lastKnownFileType = sourcecode.c.h; path = HYBaseViewController.h; sourceTree = "<group>"; };
		826B49251D7D104F00D527EE /* HYBaseViewController.m */ = {isa = PBXFileReference; fileEncoding = 4; lastKnownFileType = sourcecode.c.objc; path = HYBaseViewController.m; sourceTree = "<group>"; };
		826B492C1D7D10B300D527EE /* HYMainTableVC.h */ = {isa = PBXFileReference; fileEncoding = 4; lastKnownFileType = sourcecode.c.h; path = HYMainTableVC.h; sourceTree = "<group>"; };
		826B492D1D7D10B300D527EE /* HYMainTableVC.m */ = {isa = PBXFileReference; fileEncoding = 4; lastKnownFileType = sourcecode.c.objc; path = HYMainTableVC.m; sourceTree = "<group>"; };
		82AE9FD01D7C5EDD0061E846 /* Assets.xcassets */ = {isa = PBXFileReference; lastKnownFileType = folder.assetcatalog; path = Assets.xcassets; sourceTree = "<group>"; };
		82AE9FD21D7C60460061E846 /* Images.xcassets */ = {isa = PBXFileReference; lastKnownFileType = folder.assetcatalog; path = Images.xcassets; sourceTree = "<group>"; };
		82D62DA01D76BA8800C91FFD /* HYOneMore.app */ = {isa = PBXFileReference; explicitFileType = wrapper.application; includeInIndex = 0; path = HYOneMore.app; sourceTree = BUILT_PRODUCTS_DIR; };
		82D62DA41D76BA8800C91FFD /* main.m */ = {isa = PBXFileReference; lastKnownFileType = sourcecode.c.objc; path = main.m; sourceTree = "<group>"; };
		82D62DA61D76BA8800C91FFD /* AppDelegate.h */ = {isa = PBXFileReference; lastKnownFileType = sourcecode.c.h; path = AppDelegate.h; sourceTree = "<group>"; };
		82D62DA71D76BA8800C91FFD /* AppDelegate.m */ = {isa = PBXFileReference; lastKnownFileType = sourcecode.c.objc; path = AppDelegate.m; sourceTree = "<group>"; };
		82D62DAD1D76BA8800C91FFD /* Base */ = {isa = PBXFileReference; lastKnownFileType = file.storyboard; name = Base; path = Base.lproj/Main.storyboard; sourceTree = "<group>"; };
		82D62DB51D76BA8800C91FFD /* Base */ = {isa = PBXFileReference; lastKnownFileType = file.storyboard; name = Base; path = Base.lproj/LaunchScreen.storyboard; sourceTree = "<group>"; };
		82D62DB71D76BA8800C91FFD /* Info.plist */ = {isa = PBXFileReference; lastKnownFileType = text.plist.xml; path = Info.plist; sourceTree = "<group>"; };
		82DEC98D1D7C242C006C2721 /* HYOneMore.pch */ = {isa = PBXFileReference; lastKnownFileType = sourcecode.c.h; path = HYOneMore.pch; sourceTree = "<group>"; };
		DFB95110BCFEE6B360B9067A /* Pods_HYOneMore.framework */ = {isa = PBXFileReference; explicitFileType = wrapper.framework; includeInIndex = 0; path = Pods_HYOneMore.framework; sourceTree = BUILT_PRODUCTS_DIR; };
/* End PBXFileReference section */

/* Begin PBXFrameworksBuildPhase section */
		82D62D9D1D76BA8800C91FFD /* Frameworks */ = {
			isa = PBXFrameworksBuildPhase;
			buildActionMask = 2147483647;
			files = (
				C3D9AFDB5E15A3950198A09E /* Pods_HYOneMore.framework in Frameworks */,
			);
			runOnlyForDeploymentPostprocessing = 0;
		};
/* End PBXFrameworksBuildPhase section */

/* Begin PBXGroup section */
		3623103755EAD817E2A082D2 /* Frameworks */ = {
			isa = PBXGroup;
			children = (
				DFB95110BCFEE6B360B9067A /* Pods_HYOneMore.framework */,
			);
			name = Frameworks;
			sourceTree = "<group>";
		};
		821F69BB1D830EF30047EE8B /* 基础工具类 */ = {
			isa = PBXGroup;
			children = (
				821F69BC1D830EF30047EE8B /* HYTool.h */,
				821F69BD1D830EF30047EE8B /* HYTool.m */,
			);
			path = "基础工具类";
			sourceTree = "<group>";
		};
		821F69BE1D830EF30047EE8B /* 拓展类 */ = {
			isa = PBXGroup;
			children = (
				821F69BF1D830EF30047EE8B /* 图层相关拓展 */,
				821F69C21D830EF30047EE8B /* 颜色拓展 */,
			);
			path = "拓展类";
			sourceTree = "<group>";
		};
		821F69BF1D830EF30047EE8B /* 图层相关拓展 */ = {
			isa = PBXGroup;
			children = (
				821F69C01D830EF30047EE8B /* CALayer+HYTool.h */,
				821F69C11D830EF30047EE8B /* CALayer+HYTool.m */,
			);
			path = "图层相关拓展";
			sourceTree = "<group>";
		};
		821F69C21D830EF30047EE8B /* 颜色拓展 */ = {
			isa = PBXGroup;
			children = (
				821F69C31D830EF30047EE8B /* UIColor+Hex.h */,
				821F69C41D830EF30047EE8B /* UIColor+Hex.m */,
			);
			path = "颜色拓展";
			sourceTree = "<group>";
		};
		823B32C41D8D200D00FAB42D /* Model */ = {
			isa = PBXGroup;
			children = (
				823B32C51D8D200D00FAB42D /* HYCartModel.h */,
				823B32C61D8D200D00FAB42D /* HYCartModel.m */,
				823B32C71D8D200D00FAB42D /* HYCartShopModel.h */,
				823B32C81D8D200D00FAB42D /* HYCartShopModel.m */,
			);
			path = Model;
			sourceTree = "<group>";
		};
		823B32C91D8D200D00FAB42D /* View */ = {
			isa = PBXGroup;
			children = (
				823B32CA1D8D200D00FAB42D /* HYCartBar.h */,
				823B32CB1D8D200D00FAB42D /* HYCartBar.m */,
				823B32CC1D8D200D00FAB42D /* HYCartCell.h */,
				823B32CD1D8D200D00FAB42D /* HYCartCell.m */,
				823B32CE1D8D200D00FAB42D /* HYCartCell.xib */,
				823B32CF1D8D200D00FAB42D /* HYCartFooterView.h */,
				823B32D01D8D200D00FAB42D /* HYCartFooterView.m */,
				823B32D11D8D200D00FAB42D /* HYCartHeaderView.h */,
				823B32D21D8D200D00FAB42D /* HYCartHeaderView.m */,
				823B32D31D8D200D00FAB42D /* HYCartNumberCount.h */,
				823B32D41D8D200D00FAB42D /* HYCartNumberCount.m */,
			);
			path = View;
			sourceTree = "<group>";
		};
		823B32D51D8D200D00FAB42D /* ViewController */ = {
			isa = PBXGroup;
			children = (
				823B32D61D8D200D00FAB42D /* HYCartVC.h */,
				823B32D71D8D200D00FAB42D /* HYCartVC.m */,
				823B32D81D8D200D00FAB42D /* HYGoodsDetailVC.h */,
				823B32D91D8D200D00FAB42D /* HYGoodsDetailVC.m */,
			);
			path = ViewController;
			sourceTree = "<group>";
		};
		823B32DA1D8D200D00FAB42D /* ViewModel */ = {
			isa = PBXGroup;
			children = (
				823B32DB1D8D200D00FAB42D /* HYCartUIService.h */,
				823B32DC1D8D200D00FAB42D /* HYCartUIService.m */,
				823B32DD1D8D200D00FAB42D /* HYCartViewModel.h */,
				823B32DE1D8D200D00FAB42D /* HYCartViewModel.m */,
			);
			path = ViewModel;
			sourceTree = "<group>";
		};
		826B49221D7D104F00D527EE /* ViewControllers */ = {
			isa = PBXGroup;
			children = (
				826B49231D7D104F00D527EE /* Base */,
				826B492B1D7D10B300D527EE /* 主入口 */,
				826B492A1D7D108900D527EE /* 购物车RAC+MVVM模式 */,
			);
			path = ViewControllers;
			sourceTree = "<group>";
		};
		826B49231D7D104F00D527EE /* Base */ = {
			isa = PBXGroup;
			children = (
				826B49241D7D104F00D527EE /* HYBaseViewController.h */,
				826B49251D7D104F00D527EE /* HYBaseViewController.m */,
			);
			path = Base;
			sourceTree = "<group>";
		};
		826B492A1D7D108900D527EE /* 购物车RAC+MVVM模式 */ = {
			isa = PBXGroup;
			children = (
				823B32C41D8D200D00FAB42D /* Model */,
				823B32C91D8D200D00FAB42D /* View */,
				823B32D51D8D200D00FAB42D /* ViewController */,
				823B32DA1D8D200D00FAB42D /* ViewModel */,
			);
			path = "购物车RAC+MVVM模式";
			sourceTree = "<group>";
		};
		826B492B1D7D10B300D527EE /* 主入口 */ = {
			isa = PBXGroup;
			children = (
				826B492C1D7D10B300D527EE /* HYMainTableVC.h */,
				826B492D1D7D10B300D527EE /* HYMainTableVC.m */,
			);
			path = "主入口";
			sourceTree = "<group>";
		};
		82AE9FC01D7C51F90061E846 /* Tools */ = {
			isa = PBXGroup;
			children = (
				821F69BB1D830EF30047EE8B /* 基础工具类 */,
				821F69BE1D830EF30047EE8B /* 拓展类 */,
			);
			path = Tools;
			sourceTree = "<group>";
		};
		82D62D971D76BA8800C91FFD = {
			isa = PBXGroup;
			children = (
				82D62DA21D76BA8800C91FFD /* HYOneMore */,
				82D62DA11D76BA8800C91FFD /* Products */,
				9CEA5E1FECE1C4D8A45AED2A /* Pods */,
				3623103755EAD817E2A082D2 /* Frameworks */,
			);
			sourceTree = "<group>";
		};
		82D62DA11D76BA8800C91FFD /* Products */ = {
			isa = PBXGroup;
			children = (
				82D62DA01D76BA8800C91FFD /* HYOneMore.app */,
			);
			name = Products;
			sourceTree = "<group>";
		};
		82D62DA21D76BA8800C91FFD /* HYOneMore */ = {
			isa = PBXGroup;
			children = (
				82D62DA61D76BA8800C91FFD /* AppDelegate.h */,
				82D62DA71D76BA8800C91FFD /* AppDelegate.m */,
				826B49221D7D104F00D527EE /* ViewControllers */,
				82AE9FC01D7C51F90061E846 /* Tools */,
				82D62DAC1D76BA8800C91FFD /* Main.storyboard */,
				82DEC98D1D7C242C006C2721 /* HYOneMore.pch */,
				82D62DB41D76BA8800C91FFD /* LaunchScreen.storyboard */,
				82D62DB71D76BA8800C91FFD /* Info.plist */,
				82D62DA31D76BA8800C91FFD /* Supporting Files */,
			);
			path = HYOneMore;
			sourceTree = "<group>";
		};
		82D62DA31D76BA8800C91FFD /* Supporting Files */ = {
			isa = PBXGroup;
			children = (
				82D62DA41D76BA8800C91FFD /* main.m */,
				82AE9FD01D7C5EDD0061E846 /* Assets.xcassets */,
				82AE9FD21D7C60460061E846 /* Images.xcassets */,
			);
			name = "Supporting Files";
			sourceTree = "<group>";
		};
		9CEA5E1FECE1C4D8A45AED2A /* Pods */ = {
			isa = PBXGroup;
			children = (
				5F592B785259E9F5E7B1D714 /* Pods-HYOneMore.debug.xcconfig */,
				34349776CD6C9E3EAF801915 /* Pods-HYOneMore.release.xcconfig */,
			);
			name = Pods;
			sourceTree = "<group>";
		};
/* End PBXGroup section */

/* Begin PBXNativeTarget section */
		82D62D9F1D76BA8800C91FFD /* HYOneMore */ = {
			isa = PBXNativeTarget;
			buildConfigurationList = 82D62DBA1D76BA8800C91FFD /* Build configuration list for PBXNativeTarget "HYOneMore" */;
			buildPhases = (
				249DB4A856F876ED646F38BB /* [CP] Check Pods Manifest.lock */,
				82D62D9C1D76BA8800C91FFD /* Sources */,
				82D62D9D1D76BA8800C91FFD /* Frameworks */,
				82D62D9E1D76BA8800C91FFD /* Resources */,
				313D8FC492D1EC3CB6C8C876 /* [CP] Embed Pods Frameworks */,
				299FA9D2D487B47F7E83CC9E /* [CP] Copy Pods Resources */,
			);
			buildRules = (
			);
			dependencies = (
			);
			name = HYOneMore;
			productName = HYOneMore;
			productReference = 82D62DA01D76BA8800C91FFD /* HYOneMore.app */;
			productType = "com.apple.product-type.application";
		};
/* End PBXNativeTarget section */

/* Begin PBXProject section */
		82D62D981D76BA8800C91FFD /* Project object */ = {
			isa = PBXProject;
			attributes = {
				LastUpgradeCheck = 0730;
				ORGANIZATIONNAME = "海洋";
				TargetAttributes = {
					82D62D9F1D76BA8800C91FFD = {
						CreatedOnToolsVersion = 7.3.1;
						DevelopmentTeam = 6L422NLBD7;
					};
				};
			};
			buildConfigurationList = 82D62D9B1D76BA8800C91FFD /* Build configuration list for PBXProject "HYOneMore" */;
			compatibilityVersion = "Xcode 3.2";
			developmentRegion = English;
			hasScannedForEncodings = 0;
			knownRegions = (
				en,
				Base,
			);
			mainGroup = 82D62D971D76BA8800C91FFD;
			productRefGroup = 82D62DA11D76BA8800C91FFD /* Products */;
			projectDirPath = "";
			projectRoot = "";
			targets = (
				82D62D9F1D76BA8800C91FFD /* HYOneMore */,
			);
		};
/* End PBXProject section */

/* Begin PBXResourcesBuildPhase section */
		82D62D9E1D76BA8800C91FFD /* Resources */ = {
			isa = PBXResourcesBuildPhase;
			buildActionMask = 2147483647;
			files = (
				82D62DB61D76BA8800C91FFD /* LaunchScreen.storyboard in Resources */,
				82AE9FD31D7C60460061E846 /* Images.xcassets in Resources */,
				823B32E31D8D200D00FAB42D /* HYCartCell.xib in Resources */,
				82AE9FD11D7C5EDD0061E846 /* Assets.xcassets in Resources */,
				82D62DAE1D76BA8800C91FFD /* Main.storyboard in Resources */,
			);
			runOnlyForDeploymentPostprocessing = 0;
		};
/* End PBXResourcesBuildPhase section */

/* Begin PBXShellScriptBuildPhase section */
		249DB4A856F876ED646F38BB /* [CP] Check Pods Manifest.lock */ = {
			isa = PBXShellScriptBuildPhase;
			buildActionMask = 2147483647;
			files = (
			);
			inputPaths = (
			);
			name = "[CP] Check Pods Manifest.lock";
			outputPaths = (
			);
			runOnlyForDeploymentPostprocessing = 0;
			shellPath = /bin/sh;
			shellScript = "diff \"${PODS_ROOT}/../Podfile.lock\" \"${PODS_ROOT}/Manifest.lock\" > /dev/null\nif [ $? != 0 ] ; then\n    # print error to STDERR\n    echo \"error: The sandbox is not in sync with the Podfile.lock. Run 'pod install' or update your CocoaPods installation.\" >&2\n    exit 1\nfi\n";
			showEnvVarsInLog = 0;
		};
		299FA9D2D487B47F7E83CC9E /* [CP] Copy Pods Resources */ = {
			isa = PBXShellScriptBuildPhase;
			buildActionMask = 2147483647;
			files = (
			);
			inputPaths = (
			);
			name = "[CP] Copy Pods Resources";
			outputPaths = (
			);
			runOnlyForDeploymentPostprocessing = 0;
			shellPath = /bin/sh;
			shellScript = "\"${SRCROOT}/Pods/Target Support Files/Pods-HYOneMore/Pods-HYOneMore-resources.sh\"\n";
			showEnvVarsInLog = 0;
		};
		313D8FC492D1EC3CB6C8C876 /* [CP] Embed Pods Frameworks */ = {
			isa = PBXShellScriptBuildPhase;
			buildActionMask = 2147483647;
			files = (
			);
			inputPaths = (
			);
			name = "[CP] Embed Pods Frameworks";
			outputPaths = (
			);
			runOnlyForDeploymentPostprocessing = 0;
			shellPath = /bin/sh;
			shellScript = "\"${SRCROOT}/Pods/Target Support Files/Pods-HYOneMore/Pods-HYOneMore-frameworks.sh\"\n";
			showEnvVarsInLog = 0;
		};
/* End PBXShellScriptBuildPhase section */

/* Begin PBXSourcesBuildPhase section */
		82D62D9C1D76BA8800C91FFD /* Sources */ = {
			isa = PBXSourcesBuildPhase;
			buildActionMask = 2147483647;
			files = (
				826B492E1D7D10B300D527EE /* HYMainTableVC.m in Sources */,
				821F69C71D830EF30047EE8B /* UIColor+Hex.m in Sources */,
				823B32E91D8D200D00FAB42D /* HYCartUIService.m in Sources */,
				823B32E41D8D200D00FAB42D /* HYCartFooterView.m in Sources */,
				826B49281D7D104F00D527EE /* HYBaseViewController.m in Sources */,
				823B32EA1D8D200D00FAB42D /* HYCartViewModel.m in Sources */,
				823B32E51D8D200D00FAB42D /* HYCartHeaderView.m in Sources */,
				823B32E81D8D200D00FAB42D /* HYGoodsDetailVC.m in Sources */,
				823B32E61D8D200D00FAB42D /* HYCartNumberCount.m in Sources */,
				821F69C61D830EF30047EE8B /* CALayer+HYTool.m in Sources */,
				823B32DF1D8D200D00FAB42D /* HYCartModel.m in Sources */,
				823B32E01D8D200D00FAB42D /* HYCartShopModel.m in Sources */,
				82D62DA81D76BA8800C91FFD /* AppDelegate.m in Sources */,
				821F69C51D830EF30047EE8B /* HYTool.m in Sources */,
				823B32E21D8D200D00FAB42D /* HYCartCell.m in Sources */,
				823B32E11D8D200D00FAB42D /* HYCartBar.m in Sources */,
				82D62DA51D76BA8800C91FFD /* main.m in Sources */,
				823B32E71D8D200D00FAB42D /* HYCartVC.m in Sources */,
			);
			runOnlyForDeploymentPostprocessing = 0;
		};
/* End PBXSourcesBuildPhase section */

/* Begin PBXVariantGroup section */
		82D62DAC1D76BA8800C91FFD /* Main.storyboard */ = {
			isa = PBXVariantGroup;
			children = (
				82D62DAD1D76BA8800C91FFD /* Base */,
			);
			name = Main.storyboard;
			sourceTree = "<group>";
		};
		82D62DB41D76BA8800C91FFD /* LaunchScreen.storyboard */ = {
			isa = PBXVariantGroup;
			children = (
				82D62DB51D76BA8800C91FFD /* Base */,
			);
			name = LaunchScreen.storyboard;
			sourceTree = "<group>";
		};
/* End PBXVariantGroup section */

/* Begin XCBuildConfiguration section */
		82D62DB81D76BA8800C91FFD /* Debug */ = {
			isa = XCBuildConfiguration;
			buildSettings = {
				ALWAYS_SEARCH_USER_PATHS = NO;
				CLANG_ANALYZER_NONNULL = YES;
				CLANG_CXX_LANGUAGE_STANDARD = "gnu++0x";
				CLANG_CXX_LIBRARY = "libc++";
				CLANG_ENABLE_MODULES = YES;
				CLANG_ENABLE_OBJC_ARC = YES;
				CLANG_WARN_BOOL_CONVERSION = YES;
				CLANG_WARN_CONSTANT_CONVERSION = YES;
				CLANG_WARN_DIRECT_OBJC_ISA_USAGE = YES_ERROR;
				CLANG_WARN_EMPTY_BODY = YES;
				CLANG_WARN_ENUM_CONVERSION = YES;
				CLANG_WARN_INT_CONVERSION = YES;
				CLANG_WARN_OBJC_ROOT_CLASS = YES_ERROR;
				CLANG_WARN_UNREACHABLE_CODE = YES;
				CLANG_WARN__DUPLICATE_METHOD_MATCH = YES;
				"CODE_SIGN_IDENTITY[sdk=iphoneos*]" = "iPhone Developer";
				COPY_PHASE_STRIP = NO;
				DEBUG_INFORMATION_FORMAT = dwarf;
				ENABLE_STRICT_OBJC_MSGSEND = YES;
				ENABLE_TESTABILITY = YES;
				GCC_C_LANGUAGE_STANDARD = gnu99;
				GCC_DYNAMIC_NO_PIC = NO;
				GCC_INCREASE_PRECOMPILED_HEADER_SHARING = YES;
				GCC_NO_COMMON_BLOCKS = YES;
				GCC_OPTIMIZATION_LEVEL = 0;
				GCC_PREPROCESSOR_DEFINITIONS = (
					"DEBUG=1",
					"$(inherited)",
				);
				GCC_WARN_64_TO_32_BIT_CONVERSION = YES;
				GCC_WARN_ABOUT_RETURN_TYPE = YES_ERROR;
				GCC_WARN_UNDECLARED_SELECTOR = YES;
				GCC_WARN_UNINITIALIZED_AUTOS = YES_AGGRESSIVE;
				GCC_WARN_UNUSED_FUNCTION = YES;
				GCC_WARN_UNUSED_VARIABLE = YES;
				IPHONEOS_DEPLOYMENT_TARGET = 9.3;
				MTL_ENABLE_DEBUG_INFO = YES;
				ONLY_ACTIVE_ARCH = YES;
				SDKROOT = iphoneos;
			};
			name = Debug;
		};
		82D62DB91D76BA8800C91FFD /* Release */ = {
			isa = XCBuildConfiguration;
			buildSettings = {
				ALWAYS_SEARCH_USER_PATHS = NO;
				CLANG_ANALYZER_NONNULL = YES;
				CLANG_CXX_LANGUAGE_STANDARD = "gnu++0x";
				CLANG_CXX_LIBRARY = "libc++";
				CLANG_ENABLE_MODULES = YES;
				CLANG_ENABLE_OBJC_ARC = YES;
				CLANG_WARN_BOOL_CONVERSION = YES;
				CLANG_WARN_CONSTANT_CONVERSION = YES;
				CLANG_WARN_DIRECT_OBJC_ISA_USAGE = YES_ERROR;
				CLANG_WARN_EMPTY_BODY = YES;
				CLANG_WARN_ENUM_CONVERSION = YES;
				CLANG_WARN_INT_CONVERSION = YES;
				CLANG_WARN_OBJC_ROOT_CLASS = YES_ERROR;
				CLANG_WARN_UNREACHABLE_CODE = YES;
				CLANG_WARN__DUPLICATE_METHOD_MATCH = YES;
				"CODE_SIGN_IDENTITY[sdk=iphoneos*]" = "iPhone Developer";
				COPY_PHASE_STRIP = NO;
				DEBUG_INFORMATION_FORMAT = "dwarf-with-dsym";
				ENABLE_NS_ASSERTIONS = NO;
				ENABLE_STRICT_OBJC_MSGSEND = YES;
				GCC_C_LANGUAGE_STANDARD = gnu99;
				GCC_INCREASE_PRECOMPILED_HEADER_SHARING = YES;
				GCC_NO_COMMON_BLOCKS = YES;
				GCC_WARN_64_TO_32_BIT_CONVERSION = YES;
				GCC_WARN_ABOUT_RETURN_TYPE = YES_ERROR;
				GCC_WARN_UNDECLARED_SELECTOR = YES;
				GCC_WARN_UNINITIALIZED_AUTOS = YES_AGGRESSIVE;
				GCC_WARN_UNUSED_FUNCTION = YES;
				GCC_WARN_UNUSED_VARIABLE = YES;
				IPHONEOS_DEPLOYMENT_TARGET = 9.3;
				MTL_ENABLE_DEBUG_INFO = NO;
				SDKROOT = iphoneos;
				VALIDATE_PRODUCT = YES;
			};
			name = Release;
		};
		82D62DBB1D76BA8800C91FFD /* Debug */ = {
			isa = XCBuildConfiguration;
			baseConfigurationReference = 5F592B785259E9F5E7B1D714 /* Pods-HYOneMore.debug.xcconfig */;
			buildSettings = {
				CLANG_ENABLE_OBJC_WEAK = YES;
				CODE_SIGN_IDENTITY = "iPhone Developer";
				GCC_INCREASE_PRECOMPILED_HEADER_SHARING = YES;
				GCC_PREFIX_HEADER = "$(SRCROOT)/HYOneMore/HYOneMore.pch";
				INFOPLIST_FILE = HYOneMore/Info.plist;
				IPHONEOS_DEPLOYMENT_TARGET = 9.3;
				LD_RUNPATH_SEARCH_PATHS = "$(inherited) @executable_path/Frameworks";
				PRODUCT_BUNDLE_IDENTIFIER = com.wolrd.HYOneMore;
				PRODUCT_NAME = "$(TARGET_NAME)";
				USER_HEADER_SEARCH_PATHS = "${SRCROOT}/**";
			};
			name = Debug;
		};
		82D62DBC1D76BA8800C91FFD /* Release */ = {
			isa = XCBuildConfiguration;
			baseConfigurationReference = 34349776CD6C9E3EAF801915 /* Pods-HYOneMore.release.xcconfig */;
			buildSettings = {
				CLANG_ENABLE_OBJC_WEAK = YES;
				CODE_SIGN_IDENTITY = "iPhone Developer";
				GCC_INCREASE_PRECOMPILED_HEADER_SHARING = YES;
				GCC_PREFIX_HEADER = "$(SRCROOT)/HYOneMore/HYOneMore.pch";
				INFOPLIST_FILE = HYOneMore/Info.plist;
				IPHONEOS_DEPLOYMENT_TARGET = 9.3;
				LD_RUNPATH_SEARCH_PATHS = "$(inherited) @executable_path/Frameworks";
				PRODUCT_BUNDLE_IDENTIFIER = com.wolrd.HYOneMore;
				PRODUCT_NAME = "$(TARGET_NAME)";
				USER_HEADER_SEARCH_PATHS = "${SRCROOT}/**";
			};
			name = Release;
		};
/* End XCBuildConfiguration section */

/* Begin XCConfigurationList section */
		82D62D9B1D76BA8800C91FFD /* Build configuration list for PBXProject "HYOneMore" */ = {
			isa = XCConfigurationList;
			buildConfigurations = (
				82D62DB81D76BA8800C91FFD /* Debug */,
				82D62DB91D76BA8800C91FFD /* Release */,
			);
			defaultConfigurationIsVisible = 0;
			defaultConfigurationName = Release;
		};
		82D62DBA1D76BA8800C91FFD /* Build configuration list for PBXNativeTarget "HYOneMore" */ = {
			isa = XCConfigurationList;
			buildConfigurations = (
				82D62DBB1D76BA8800C91FFD /* Debug */,
				82D62DBC1D76BA8800C91FFD /* Release */,
			);
			defaultConfigurationIsVisible = 0;
			defaultConfigurationName = Release;
		};
/* End XCConfigurationList section */
	};
	rootObject = 82D62D981D76BA8800C91FFD /* Project object */;
}
